
Microsoft Visual Studio Solution File, Format Version 12.00
# Visual Studio Version 17
VisualStudioVersion = 17.1.32421.90
MinimumVisualStudioVersion = 10.0.40219.1
Project("{FAE04EC0-301F-11D3-BF4B-00C04F79EFBC}") = "patrones", "patrones\patrones.csproj", "{9B8E028B-234D-4048-A615-DF6FFA89945E}"
EndProject
Global
	GlobalSection(SolutionConfigurationPlatforms) = preSolution
		Debug|Any CPU = Debug|Any CPU
		Release|Any CPU = Release|Any CPU
	EndGlobalSection
	GlobalSection(ProjectConfigurationPlatforms) = postSolution
		{9B8E028B-234D-4048-A615-DF6FFA89945E}.Debug|Any CPU.ActiveCfg = Debug|Any CPU
		{9B8E028B-234D-4048-A615-DF6FFA89945E}.Debug|Any CPU.Build.0 = Debug|Any CPU
		{9B8E028B-234D-4048-A615-DF6FFA89945E}.Release|Any CPU.ActiveCfg = Release|Any CPU
		{9B8E028B-234D-4048-A615-DF6FFA89945E}.Release|Any CPU.Build.0 = Release|Any CPU
	EndGlobalSection
	GlobalSection(SolutionProperties) = preSolution
		HideSolutionNode = FALSE
	EndGlobalSection
	GlobalSection(ExtensibilityGlobals) = postSolution
		SolutionGuid = {2C5A46AE-273F-4F18-BB26-F9F99CA26536}
	EndGlobalSection
EndGlobal
